{
  "name": "FleetFlow",
  "lockfileVersion": 3,
  "requires": true,
  "packages": {
    "": {
      "dependencies": {
        "@getbrevo/brevo": "^5.0.3",
        "dotenv": "^17.3.1"
      }
    },
    "node_modules/@getbrevo/brevo": {
      "version": "5.0.3",
      "resolved": "https://registry.npmjs.org/@getbrevo/brevo/-/brevo-5.0.3.tgz",
      "integrity": "sha512-AIAFXiUkk5fpl8cVttGWZfxt84PFPS7DnB0+fRqd70kFsbwPvNfdYhrnD0tXL5jLmGrSeLv2pfACkzFD7gYeeA==",
      "engines": {
        "node": ">=18.0.0"
      }
    },
    "node_modules/dotenv": {
      "version": "17.3.1",
      "resolved": "https://registry.npmjs.org/dotenv/-/dotenv-17.3.1.tgz",
      "integrity": "sha512-IO8C/dzEb6O3F9/twg6ZLXz164a2fhTnEWb95H23Dm4OuN+92NmEAlTrupP9VW6Jm3sO26tQlqyvyi4CsnY9GA==",
      "license": "BSD-2-Clause",
      "engines": {
        "node": ">=12"
      },
      "funding": {
        "url": "https://dotenvx.com"
      }
    }
  }
}
